// !$*UTF8*$!
{
	archiveVersion = 1;
	classes = {
	};
	objectVersion = 56;
	objects = {

/* Begin PBXBuildFile section */
		7632BCFE2B1C3D3C001D825E /* HoneyMoon_SwiftUIApp.swift in Sources */ = {isa = PBXBuildFile; fileRef = 7632BCFD2B1C3D3C001D825E /* HoneyMoon_SwiftUIApp.swift */; };
		7632BD002B1C3D3C001D825E /* ContentView.swift in Sources */ = {isa = PBXBuildFile; fileRef = 7632BCFF2B1C3D3C001D825E /* ContentView.swift */; };
		7632BD022B1C3D3F001D825E /* Assets.xcassets in Resources */ = {isa = PBXBuildFile; fileRef = 7632BD012B1C3D3F001D825E /* Assets.xcassets */; };
		7632BD052B1C3D3F001D825E /* Preview Assets.xcassets in Resources */ = {isa = PBXBuildFile; fileRef = 7632BD042B1C3D3F001D825E /* Preview Assets.xcassets */; };
		7632BD0C2B1C3E26001D825E /* Launch Screen.storyboard in Resources */ = {isa = PBXBuildFile; fileRef = 7632BD0B2B1C3E26001D825E /* Launch Screen.storyboard */; };
		7632BD0E2B1C41CB001D825E /* HonemoonModel.swift in Sources */ = {isa = PBXBuildFile; fileRef = 7632BD0D2B1C41CB001D825E /* HonemoonModel.swift */; };
		7632BD112B1C4261001D825E /* HonemoonData.swift in Sources */ = {isa = PBXBuildFile; fileRef = 7632BD102B1C4261001D825E /* HonemoonData.swift */; };
		7632BD152B1C435D001D825E /* CardView.swift in Sources */ = {isa = PBXBuildFile; fileRef = 7632BD142B1C435D001D825E /* CardView.swift */; };
		7632BD172B1C4D54001D825E /* HeaderView.swift in Sources */ = {isa = PBXBuildFile; fileRef = 7632BD162B1C4D54001D825E /* HeaderView.swift */; };
		7632BD192B1C528F001D825E /* FooterView.swift in Sources */ = {isa = PBXBuildFile; fileRef = 7632BD182B1C528F001D825E /* FooterView.swift */; };
		7632BD1C2B1C65A2001D825E /* HeaderComponent.swift in Sources */ = {isa = PBXBuildFile; fileRef = 7632BD1B2B1C65A2001D825E /* HeaderComponent.swift */; };
		76A6446D2B1C7692007C33D3 /* GuideComponent.swift in Sources */ = {isa = PBXBuildFile; fileRef = 76A6446C2B1C7692007C33D3 /* GuideComponent.swift */; };
		76A6446F2B1C78E7007C33D3 /* GuideView.swift in Sources */ = {isa = PBXBuildFile; fileRef = 76A6446E2B1C78E7007C33D3 /* GuideView.swift */; };
		76A644712B1C8D0A007C33D3 /* InfoView.swift in Sources */ = {isa = PBXBuildFile; fileRef = 76A644702B1C8D0A007C33D3 /* InfoView.swift */; };
		76A644732B1C8DD1007C33D3 /* TitleModifier.swift in Sources */ = {isa = PBXBuildFile; fileRef = 76A644722B1C8DD1007C33D3 /* TitleModifier.swift */; };
		76A644762B1C8FB2007C33D3 /* ButtonModifier.swift in Sources */ = {isa = PBXBuildFile; fileRef = 76A644752B1C8FB2007C33D3 /* ButtonModifier.swift */; };
/* End PBXBuildFile section */

/* Begin PBXFileReference section */
		7632BCFA2B1C3D3C001D825E /* HoneyMoon SwiftUI.app */ = {isa = PBXFileReference; explicitFileType = wrapper.application; includeInIndex = 0; path = "HoneyMoon SwiftUI.app"; sourceTree = BUILT_PRODUCTS_DIR; };
		7632BCFD2B1C3D3C001D825E /* HoneyMoon_SwiftUIApp.swift */ = {isa = PBXFileReference; lastKnownFileType = sourcecode.swift; path = HoneyMoon_SwiftUIApp.swift; sourceTree = "<group>"; };
		7632BCFF2B1C3D3C001D825E /* ContentView.swift */ = {isa = PBXFileReference; lastKnownFileType = sourcecode.swift; path = ContentView.swift; sourceTree = "<group>"; };
		7632BD012B1C3D3F001D825E /* Assets.xcassets */ = {isa = PBXFileReference; lastKnownFileType = folder.assetcatalog; path = Assets.xcassets; sourceTree = "<group>"; };
		7632BD042B1C3D3F001D825E /* Preview Assets.xcassets */ = {isa = PBXFileReference; lastKnownFileType = folder.assetcatalog; path = "Preview Assets.xcassets"; sourceTree = "<group>"; };
		7632BD0B2B1C3E26001D825E /* Launch Screen.storyboard */ = {isa = PBXFileReference; lastKnownFileType = file.storyboard; path = "Launch Screen.storyboard"; sourceTree = "<group>"; };
		7632BD0D2B1C41CB001D825E /* HonemoonModel.swift */ = {isa = PBXFileReference; lastKnownFileType = sourcecode.swift; path = HonemoonModel.swift; sourceTree = "<group>"; };
		7632BD102B1C4261001D825E /* HonemoonData.swift */ = {isa = PBXFileReference; lastKnownFileType = sourcecode.swift; path = HonemoonData.swift; sourceTree = "<group>"; };
		7632BD142B1C435D001D825E /* CardView.swift */ = {isa = PBXFileReference; lastKnownFileType = sourcecode.swift; path = CardView.swift; sourceTree = "<group>"; };
		7632BD162B1C4D54001D825E /* HeaderView.swift */ = {isa = PBXFileReference; lastKnownFileType = sourcecode.swift; path = HeaderView.swift; sourceTree = "<group>"; };
		7632BD182B1C528F001D825E /* FooterView.swift */ = {isa = PBXFileReference; lastKnownFileType = sourcecode.swift; path = FooterView.swift; sourceTree = "<group>"; };
		7632BD1B2B1C65A2001D825E /* HeaderComponent.swift */ = {isa = PBXFileReference; lastKnownFileType = sourcecode.swift; path = HeaderComponent.swift; sourceTree = "<group>"; };
		76A6446C2B1C7692007C33D3 /* GuideComponent.swift */ = {isa = PBXFileReference; lastKnownFileType = sourcecode.swift; path = GuideComponent.swift; sourceTree = "<group>"; };
		76A6446E2B1C78E7007C33D3 /* GuideView.swift */ = {isa = PBXFileReference; lastKnownFileType = sourcecode.swift; path = GuideView.swift; sourceTree = "<group>"; };
		76A644702B1C8D0A007C33D3 /* InfoView.swift */ = {isa = PBXFileReference; lastKnownFileType = sourcecode.swift; path = InfoView.swift; sourceTree = "<group>"; };
		76A644722B1C8DD1007C33D3 /* TitleModifier.swift */ = {isa = PBXFileReference; lastKnownFileType = sourcecode.swift; path = TitleModifier.swift; sourceTree = "<group>"; };
		76A644752B1C8FB2007C33D3 /* ButtonModifier.swift */ = {isa = PBXFileReference; lastKnownFileType = sourcecode.swift; path = ButtonModifier.swift; sourceTree = "<group>"; };
/* End PBXFileReference section */

/* Begin PBXFrameworksBuildPhase section */
		7632BCF72B1C3D3C001D825E /* Frameworks */ = {
			isa = PBXFrameworksBuildPhase;
			buildActionMask = 2147483647;
			files = (
			);
			runOnlyForDeploymentPostprocessing = 0;
		};
/* End PBXFrameworksBuildPhase section */

/* Begin PBXGroup section */
		7632BCF12B1C3D3C001D825E = {
			isa = PBXGroup;
			children = (
				7632BCFC2B1C3D3C001D825E /* HoneyMoon SwiftUI */,
				7632BCFB2B1C3D3C001D825E /* Products */,
			);
			sourceTree = "<group>";
		};
		7632BCFB2B1C3D3C001D825E /* Products */ = {
			isa = PBXGroup;
			children = (
				7632BCFA2B1C3D3C001D825E /* HoneyMoon SwiftUI.app */,
			);
			name = Products;
			sourceTree = "<group>";
		};
		7632BCFC2B1C3D3C001D825E /* HoneyMoon SwiftUI */ = {
			isa = PBXGroup;
			children = (
				76A644742B1C8E00007C33D3 /* Modifier */,
				7632BD1A2B1C6577001D825E /* Components */,
				7632BD132B1C434C001D825E /* View */,
				7632BD122B1C4269001D825E /* Data */,
				7632BD0F2B1C41D7001D825E /* Model */,
				7632BCFD2B1C3D3C001D825E /* HoneyMoon_SwiftUIApp.swift */,
				7632BD0B2B1C3E26001D825E /* Launch Screen.storyboard */,
				7632BD012B1C3D3F001D825E /* Assets.xcassets */,
				7632BD032B1C3D3F001D825E /* Preview Content */,
			);
			path = "HoneyMoon SwiftUI";
			sourceTree = "<group>";
		};
		7632BD032B1C3D3F001D825E /* Preview Content */ = {
			isa = PBXGroup;
			children = (
				7632BD042B1C3D3F001D825E /* Preview Assets.xcassets */,
			);
			path = "Preview Content";
			sourceTree = "<group>";
		};
		7632BD0F2B1C41D7001D825E /* Model */ = {
			isa = PBXGroup;
			children = (
				7632BD0D2B1C41CB001D825E /* HonemoonModel.swift */,
			);
			path = Model;
			sourceTree = "<group>";
		};
		7632BD122B1C4269001D825E /* Data */ = {
			isa = PBXGroup;
			children = (
				7632BD102B1C4261001D825E /* HonemoonData.swift */,
			);
			path = Data;
			sourceTree = "<group>";
		};
		7632BD132B1C434C001D825E /* View */ = {
			isa = PBXGroup;
			children = (
				7632BCFF2B1C3D3C001D825E /* ContentView.swift */,
				7632BD182B1C528F001D825E /* FooterView.swift */,
				7632BD162B1C4D54001D825E /* HeaderView.swift */,
				7632BD142B1C435D001D825E /* CardView.swift */,
				76A6446E2B1C78E7007C33D3 /* GuideView.swift */,
				76A644702B1C8D0A007C33D3 /* InfoView.swift */,
			);
			path = View;
			sourceTree = "<group>";
		};
		7632BD1A2B1C6577001D825E /* Components */ = {
			isa = PBXGroup;
			children = (
				7632BD1B2B1C65A2001D825E /* HeaderComponent.swift */,
				76A6446C2B1C7692007C33D3 /* GuideComponent.swift */,
			);
			path = Components;
			sourceTree = "<group>";
		};
		76A644742B1C8E00007C33D3 /* Modifier */ = {
			isa = PBXGroup;
			children = (
				76A644722B1C8DD1007C33D3 /* TitleModifier.swift */,
				76A644752B1C8FB2007C33D3 /* ButtonModifier.swift */,
			);
			path = Modifier;
			sourceTree = "<group>";
		};
/* End PBXGroup section */

/* Begin PBXNativeTarget section */
		7632BCF92B1C3D3C001D825E /* HoneyMoon SwiftUI */ = {
			isa = PBXNativeTarget;
			buildConfigurationList = 7632BD082B1C3D3F001D825E /* Build configuration list for PBXNativeTarget "HoneyMoon SwiftUI" */;
			buildPhases = (
				7632BCF62B1C3D3C001D825E /* Sources */,
				7632BCF72B1C3D3C001D825E /* Frameworks */,
				7632BCF82B1C3D3C001D825E /* Resources */,
			);
			buildRules = (
			);
			dependencies = (
			);
			name = "HoneyMoon SwiftUI";
			productName = "HoneyMoon SwiftUI";
			productReference = 7632BCFA2B1C3D3C001D825E /* HoneyMoon SwiftUI.app */;
			productType = "com.apple.product-type.application";
		};
/* End PBXNativeTarget section */

/* Begin PBXProject section */
		7632BCF22B1C3D3C001D825E /* Project object */ = {
			isa = PBXProject;
			attributes = {
				BuildIndependentTargetsInParallel = 1;
				LastSwiftUpdateCheck = 1500;
				LastUpgradeCheck = 1500;
				TargetAttributes = {
					7632BCF92B1C3D3C001D825E = {
						CreatedOnToolsVersion = 15.0.1;
					};
				};
			};
			buildConfigurationList = 7632BCF52B1C3D3C001D825E /* Build configuration list for PBXProject "HoneyMoon SwiftUI" */;
			compatibilityVersion = "Xcode 14.0";
			developmentRegion = en;
			hasScannedForEncodings = 0;
			knownRegions = (
				en,
				Base,
			);
			mainGroup = 7632BCF12B1C3D3C001D825E;
			productRefGroup = 7632BCFB2B1C3D3C001D825E /* Products */;
			projectDirPath = "";
			projectRoot = "";
			targets = (
				7632BCF92B1C3D3C001D825E /* HoneyMoon SwiftUI */,
			);
		};
/* End PBXProject section */

/* Begin PBXResourcesBuildPhase section */
		7632BCF82B1C3D3C001D825E /* Resources */ = {
			isa = PBXResourcesBuildPhase;
			buildActionMask = 2147483647;
			files = (
				7632BD0C2B1C3E26001D825E /* Launch Screen.storyboard in Resources */,
				7632BD052B1C3D3F001D825E /* Preview Assets.xcassets in Resources */,
				7632BD022B1C3D3F001D825E /* Assets.xcassets in Resources */,
			);
			runOnlyForDeploymentPostprocessing = 0;
		};
/* End PBXResourcesBuildPhase section */

/* Begin PBXSourcesBuildPhase section */
		7632BCF62B1C3D3C001D825E /* Sources */ = {
			isa = PBXSourcesBuildPhase;
			buildActionMask = 2147483647;
			files = (
				7632BD002B1C3D3C001D825E /* ContentView.swift in Sources */,
				76A644712B1C8D0A007C33D3 /* InfoView.swift in Sources */,
				7632BD192B1C528F001D825E /* FooterView.swift in Sources */,
				76A644732B1C8DD1007C33D3 /* TitleModifier.swift in Sources */,
				7632BD172B1C4D54001D825E /* HeaderView.swift in Sources */,
				7632BCFE2B1C3D3C001D825E /* HoneyMoon_SwiftUIApp.swift in Sources */,
				76A644762B1C8FB2007C33D3 /* ButtonModifier.swift in Sources */,
				7632BD1C2B1C65A2001D825E /* HeaderComponent.swift in Sources */,
				7632BD112B1C4261001D825E /* HonemoonData.swift in Sources */,
				7632BD0E2B1C41CB001D825E /* HonemoonModel.swift in Sources */,
				7632BD152B1C435D001D825E /* CardView.swift in Sources */,
				76A6446D2B1C7692007C33D3 /* GuideComponent.swift in Sources */,
				76A6446F2B1C78E7007C33D3 /* GuideView.swift in Sources */,
			);
			runOnlyForDeploymentPostprocessing = 0;
		};
/* End PBXSourcesBuildPhase section */

/* Begin XCBuildConfiguration section */
		7632BD062B1C3D3F001D825E /* Debug */ = {
			isa = XCBuildConfiguration;
			buildSettings = {
				ALWAYS_SEARCH_USER_PATHS = NO;
				ASSETCATALOG_COMPILER_GENERATE_SWIFT_ASSET_SYMBOL_EXTENSIONS = YES;
				CLANG_ANALYZER_NONNULL = YES;
				CLANG_ANALYZER_NUMBER_OBJECT_CONVERSION = YES_AGGRESSIVE;
				CLANG_CXX_LANGUAGE_STANDARD = "gnu++20";
				CLANG_ENABLE_MODULES = YES;
				CLANG_ENABLE_OBJC_ARC = YES;
				CLANG_ENABLE_OBJC_WEAK = YES;
				CLANG_WARN_BLOCK_CAPTURE_AUTORELEASING = YES;
				CLANG_WARN_BOOL_CONVERSION = YES;
				CLANG_WARN_COMMA = YES;
				CLANG_WARN_CONSTANT_CONVERSION = YES;
				CLANG_WARN_DEPRECATED_OBJC_IMPLEMENTATIONS = YES;
				CLANG_WARN_DIRECT_OBJC_ISA_USAGE = YES_ERROR;
				CLANG_WARN_DOCUMENTATION_COMMENTS = YES;
				CLANG_WARN_EMPTY_BODY = YES;
				CLANG_WARN_ENUM_CONVERSION = YES;
				CLANG_WARN_INFINITE_RECURSION = YES;
				CLANG_WARN_INT_CONVERSION = YES;
				CLANG_WARN_NON_LITERAL_NULL_CONVERSION = YES;
				CLANG_WARN_OBJC_IMPLICIT_RETAIN_SELF = YES;
				CLANG_WARN_OBJC_LITERAL_CONVERSION = YES;
				CLANG_WARN_OBJC_ROOT_CLASS = YES_ERROR;
				CLANG_WARN_QUOTED_INCLUDE_IN_FRAMEWORK_HEADER = YES;
				CLANG_WARN_RANGE_LOOP_ANALYSIS = YES;
				CLANG_WARN_STRICT_PROTOTYPES = YES;
				CLANG_WARN_SUSPICIOUS_MOVE = YES;
				CLANG_WARN_UNGUARDED_AVAILABILITY = YES_AGGRESSIVE;
				CLANG_WARN_UNREACHABLE_CODE = YES;
				CLANG_WARN__DUPLICATE_METHOD_MATCH = YES;
				COPY_PHASE_STRIP = NO;
				DEBUG_INFORMATION_FORMAT = dwarf;
				ENABLE_STRICT_OBJC_MSGSEND = YES;
				ENABLE_TESTABILITY = YES;
				ENABLE_USER_SCRIPT_SANDBOXING = YES;
				GCC_C_LANGUAGE_STANDARD = gnu17;
				GCC_DYNAMIC_NO_PIC = NO;
				GCC_NO_COMMON_BLOCKS = YES;
				GCC_OPTIMIZATION_LEVEL = 0;
				GCC_PREPROCESSOR_DEFINITIONS = (
					"DEBUG=1",
					"$(inherited)",
				);
				GCC_WARN_64_TO_32_BIT_CONVERSION = YES;
				GCC_WARN_ABOUT_RETURN_TYPE = YES_ERROR;
				GCC_WARN_UNDECLARED_SELECTOR = YES;
				GCC_WARN_UNINITIALIZED_AUTOS = YES_AGGRESSIVE;
				GCC_WARN_UNUSED_FUNCTION = YES;
				GCC_WARN_UNUSED_VARIABLE = YES;
				IPHONEOS_DEPLOYMENT_TARGET = 17.0;
				LOCALIZATION_PREFERS_STRING_CATALOGS = YES;
				MTL_ENABLE_DEBUG_INFO = INCLUDE_SOURCE;
				MTL_FAST_MATH = YES;
				ONLY_ACTIVE_ARCH = YES;
				SDKROOT = iphoneos;
				SWIFT_ACTIVE_COMPILATION_CONDITIONS = "DEBUG $(inherited)";
				SWIFT_OPTIMIZATION_LEVEL = "-Onone";
			};
			name = Debug;
		};
		7632BD072B1C3D3F001D825E /* Release */ = {
			isa = XCBuildConfiguration;
			buildSettings = {
				ALWAYS_SEARCH_USER_PATHS = NO;
				ASSETCATALOG_COMPILER_GENERATE_SWIFT_ASSET_SYMBOL_EXTENSIONS = YES;
				CLANG_ANALYZER_NONNULL = YES;
				CLANG_ANALYZER_NUMBER_OBJECT_CONVERSION = YES_AGGRESSIVE;
				CLANG_CXX_LANGUAGE_STANDARD = "gnu++20";
				CLANG_ENABLE_MODULES = YES;
				CLANG_ENABLE_OBJC_ARC = YES;
				CLANG_ENABLE_OBJC_WEAK = YES;
				CLANG_WARN_BLOCK_CAPTURE_AUTORELEASING = YES;
				CLANG_WARN_BOOL_CONVERSION = YES;
				CLANG_WARN_COMMA = YES;
				CLANG_WARN_CONSTANT_CONVERSION = YES;
				CLANG_WARN_DEPRECATED_OBJC_IMPLEMENTATIONS = YES;
				CLANG_WARN_DIRECT_OBJC_ISA_USAGE = YES_ERROR;
				CLANG_WARN_DOCUMENTATION_COMMENTS = YES;
				CLANG_WARN_EMPTY_BODY = YES;
				CLANG_WARN_ENUM_CONVERSION = YES;
				CLANG_WARN_INFINITE_RECURSION = YES;
				CLANG_WARN_INT_CONVERSION = YES;
				CLANG_WARN_NON_LITERAL_NULL_CONVERSION = YES;
				CLANG_WARN_OBJC_IMPLICIT_RETAIN_SELF = YES;
				CLANG_WARN_OBJC_LITERAL_CONVERSION = YES;
				CLANG_WARN_OBJC_ROOT_CLASS = YES_ERROR;
				CLANG_WARN_QUOTED_INCLUDE_IN_FRAMEWORK_HEADER = YES;
				CLANG_WARN_RANGE_LOOP_ANALYSIS = YES;
				CLANG_WARN_STRICT_PROTOTYPES = YES;
				CLANG_WARN_SUSPICIOUS_MOVE = YES;
				CLANG_WARN_UNGUARDED_AVAILABILITY = YES_AGGRESSIVE;
				CLANG_WARN_UNREACHABLE_CODE = YES;
				CLANG_WARN__DUPLICATE_METHOD_MATCH = YES;
				COPY_PHASE_STRIP = NO;
				DEBUG_INFORMATION_FORMAT = "dwarf-with-dsym";
				ENABLE_NS_ASSERTIONS = NO;
				ENABLE_STRICT_OBJC_MSGSEND = YES;
				ENABLE_USER_SCRIPT_SANDBOXING = YES;
				GCC_C_LANGUAGE_STANDARD = gnu17;
				GCC_NO_COMMON_BLOCKS = YES;
				GCC_WARN_64_TO_32_BIT_CONVERSION = YES;
				GCC_WARN_ABOUT_RETURN_TYPE = YES_ERROR;
				GCC_WARN_UNDECLARED_SELECTOR = YES;
				GCC_WARN_UNINITIALIZED_AUTOS = YES_AGGRESSIVE;
				GCC_WARN_UNUSED_FUNCTION = YES;
				GCC_WARN_UNUSED_VARIABLE = YES;
				IPHONEOS_DEPLOYMENT_TARGET = 17.0;
				LOCALIZATION_PREFERS_STRING_CATALOGS = YES;
				MTL_ENABLE_DEBUG_INFO = NO;
				MTL_FAST_MATH = YES;
				SDKROOT = iphoneos;
				SWIFT_COMPILATION_MODE = wholemodule;
				VALIDATE_PRODUCT = YES;
			};
			name = Release;
		};
		7632BD092B1C3D3F001D825E /* Debug */ = {
			isa = XCBuildConfiguration;
			buildSettings = {
				ASSETCATALOG_COMPILER_APPICON_NAME = AppIcon;
				ASSETCATALOG_COMPILER_GLOBAL_ACCENT_COLOR_NAME = AccentColor;
				CODE_SIGN_STYLE = Automatic;
				CURRENT_PROJECT_VERSION = 1;
				DEVELOPMENT_ASSET_PATHS = "\"HoneyMoon SwiftUI/Preview Content\"";
				ENABLE_PREVIEWS = YES;
				GENERATE_INFOPLIST_FILE = YES;
				INFOPLIST_KEY_UIApplicationSceneManifest_Generation = YES;
				INFOPLIST_KEY_UIApplicationSupportsIndirectInputEvents = YES;
				INFOPLIST_KEY_UILaunchScreen_Generation = YES;
				INFOPLIST_KEY_UILaunchStoryboardName = "Launch Screen";
				INFOPLIST_KEY_UISupportedInterfaceOrientations_iPad = "UIInterfaceOrientationPortrait UIInterfaceOrientationPortraitUpsideDown UIInterfaceOrientationLandscapeLeft UIInterfaceOrientationLandscapeRight";
				INFOPLIST_KEY_UISupportedInterfaceOrientations_iPhone = "UIInterfaceOrientationPortrait UIInterfaceOrientationLandscapeLeft UIInterfaceOrientationLandscapeRight";
				LD_RUNPATH_SEARCH_PATHS = (
					"$(inherited)",
					"@executable_path/Frameworks",
				);
				MARKETING_VERSION = 1.0;
				PRODUCT_BUNDLE_IDENTIFIER = "com.SwiftUI.HoneyMoon-SwiftUI";
				PRODUCT_NAME = "$(TARGET_NAME)";
				SWIFT_EMIT_LOC_STRINGS = YES;
				SWIFT_VERSION = 5.0;
				TARGETED_DEVICE_FAMILY = "1,2";
			};
			name = Debug;
		};
		7632BD0A2B1C3D3F001D825E /* Release */ = {
			isa = XCBuildConfiguration;
			buildSettings = {
				ASSETCATALOG_COMPILER_APPICON_NAME = AppIcon;
				ASSETCATALOG_COMPILER_GLOBAL_ACCENT_COLOR_NAME = AccentColor;
				CODE_SIGN_STYLE = Automatic;
				CURRENT_PROJECT_VERSION = 1;
				DEVELOPMENT_ASSET_PATHS = "\"HoneyMoon SwiftUI/Preview Content\"";
				ENABLE_PREVIEWS = YES;
				GENERATE_INFOPLIST_FILE = YES;
				INFOPLIST_KEY_UIApplicationSceneManifest_Generation = YES;
				INFOPLIST_KEY_UIApplicationSupportsIndirectInputEvents = YES;
				INFOPLIST_KEY_UILaunchScreen_Generation = YES;
				INFOPLIST_KEY_UILaunchStoryboardName = "Launch Screen";
				INFOPLIST_KEY_UISupportedInterfaceOrientations_iPad = "UIInterfaceOrientationPortrait UIInterfaceOrientationPortraitUpsideDown UIInterfaceOrientationLandscapeLeft UIInterfaceOrientationLandscapeRight";
				INFOPLIST_KEY_UISupportedInterfaceOrientations_iPhone = "UIInterfaceOrientationPortrait UIInterfaceOrientationLandscapeLeft UIInterfaceOrientationLandscapeRight";
				LD_RUNPATH_SEARCH_PATHS = (
					"$(inherited)",
					"@executable_path/Frameworks",
				);
				MARKETING_VERSION = 1.0;
				PRODUCT_BUNDLE_IDENTIFIER = "com.SwiftUI.HoneyMoon-SwiftUI";
				PRODUCT_NAME = "$(TARGET_NAME)";
				SWIFT_EMIT_LOC_STRINGS = YES;
				SWIFT_VERSION = 5.0;
				TARGETED_DEVICE_FAMILY = "1,2";
			};
			name = Release;
		};
/* End XCBuildConfiguration section */

/* Begin XCConfigurationList section */
		7632BCF52B1C3D3C001D825E /* Build configuration list for PBXProject "HoneyMoon SwiftUI" */ = {
			isa = XCConfigurationList;
			buildConfigurations = (
				7632BD062B1C3D3F001D825E /* Debug */,
				7632BD072B1C3D3F001D825E /* Release */,
			);
			defaultConfigurationIsVisible = 0;
			defaultConfigurationName = Release;
		};
		7632BD082B1C3D3F001D825E /* Build configuration list for PBXNativeTarget "HoneyMoon SwiftUI" */ = {
			isa = XCConfigurationList;
			buildConfigurations = (
				7632BD092B1C3D3F001D825E /* Debug */,
				7632BD0A2B1C3D3F001D825E /* Release */,
			);
			defaultConfigurationIsVisible = 0;
			defaultConfigurationName = Release;
		};
/* End XCConfigurationList section */
	};
	rootObject = 7632BCF22B1C3D3C001D825E /* Project object */;
}
